
Microsoft Visual Studio Solution File, Format Version 12.00
# Visual Studio Version 16
VisualStudioVersion = 16.0.30509.190
MinimumVisualStudioVersion = 10.0.40219.1
Project("{FAE04EC0-301F-11D3-BF4B-00C04F79EFBC}") = "BlazorApp5", "BlazorApp5\BlazorApp5.csproj", "{8A99D1EB-AF53-4182-A29F-C5D6A4B7CB80}"
EndProject
Global
	GlobalSection(SolutionConfigurationPlatforms) = preSolution
		Debug|Any CPU = Debug|Any CPU
		Release|Any CPU = Release|Any CPU
	EndGlobalSection
	GlobalSection(ProjectConfigurationPlatforms) = postSolution
		{8A99D1EB-AF53-4182-A29F-C5D6A4B7CB80}.Debug|Any CPU.ActiveCfg = Debug|Any CPU
		{8A99D1EB-AF53-4182-A29F-C5D6A4B7CB80}.Debug|Any CPU.Build.0 = Debug|Any CPU
		{8A99D1EB-AF53-4182-A29F-C5D6A4B7CB80}.Release|Any CPU.ActiveCfg = Release|Any CPU
		{8A99D1EB-AF53-4182-A29F-C5D6A4B7CB80}.Release|Any CPU.Build.0 = Release|Any CPU
	EndGlobalSection
	GlobalSection(SolutionProperties) = preSolution
		HideSolutionNode = FALSE
	EndGlobalSection
	GlobalSection(ExtensibilityGlobals) = postSolution
		SolutionGuid = {9CED540B-A35B-4970-A20B-B255B4465DFA}
	EndGlobalSection
EndGlobal
